// !$*UTF8*$!
{
	archiveVersion = 1;
	classes = {
	};
	objectVersion = 46;
	objects = {

/* Begin PBXBuildFile section */
		3247959D1F1ECE7000E77829 /* field_observations.json in Resources */ = {isa = PBXBuildFile; fileRef = 3247959C1F1ECE7000E77829 /* field_observations.json */; };
		324795B41F1ECE7800E77829 /* amphibian.png in Resources */ = {isa = PBXBuildFile; fileRef = 3247959F1F1ECE7800E77829 /* amphibian.png */; };
		324795B51F1ECE7800E77829 /* amphibian@2x.png in Resources */ = {isa = PBXBuildFile; fileRef = 324795A01F1ECE7800E77829 /* amphibian@2x.png */; };
		324795B61F1ECE7800E77829 /* amphibian@3x.png in Resources */ = {isa = PBXBuildFile; fileRef = 324795A11F1ECE7800E77829 /* amphibian@3x.png */; };
		324795B71F1ECE7800E77829 /* bird.png in Resources */ = {isa = PBXBuildFile; fileRef = 324795A21F1ECE7800E77829 /* bird.png */; };
		324795B81F1ECE7800E77829 /* bird@2x.png in Resources */ = {isa = PBXBuildFile; fileRef = 324795A31F1ECE7800E77829 /* bird@2x.png */; };
		324795B91F1ECE7800E77829 /* bird@3x.png in Resources */ = {isa = PBXBuildFile; fileRef = 324795A41F1ECE7800E77829 /* bird@3x.png */; };
		324795BA1F1ECE7800E77829 /* fish.png in Resources */ = {isa = PBXBuildFile; fileRef = 324795A51F1ECE7800E77829 /* fish.png */; };
		324795BB1F1ECE7800E77829 /* fish@2x.png in Resources */ = {isa = PBXBuildFile; fileRef = 324795A61F1ECE7800E77829 /* fish@2x.png */; };
		324795BC1F1ECE7800E77829 /* fish@3x.png in Resources */ = {isa = PBXBuildFile; fileRef = 324795A71F1ECE7800E77829 /* fish@3x.png */; };
		324795BD1F1ECE7800E77829 /* insect.png in Resources */ = {isa = PBXBuildFile; fileRef = 324795A81F1ECE7800E77829 /* insect.png */; };
		324795BE1F1ECE7800E77829 /* insect@2x.png in Resources */ = {isa = PBXBuildFile; fileRef = 324795A91F1ECE7800E77829 /* insect@2x.png */; };
		324795BF1F1ECE7800E77829 /* insect@3x.png in Resources */ = {isa = PBXBuildFile; fileRef = 324795AA1F1ECE7800E77829 /* insect@3x.png */; };
		324795C01F1ECE7800E77829 /* mammal.png in Resources */ = {isa = PBXBuildFile; fileRef = 324795AB1F1ECE7800E77829 /* mammal.png */; };
		324795C11F1ECE7800E77829 /* mammal@2x.png in Resources */ = {isa = PBXBuildFile; fileRef = 324795AC1F1ECE7800E77829 /* mammal@2x.png */; };
		324795C21F1ECE7800E77829 /* mammal@3x.png in Resources */ = {isa = PBXBuildFile; fileRef = 324795AD1F1ECE7800E77829 /* mammal@3x.png */; };
		324795C31F1ECE7800E77829 /* plant.png in Resources */ = {isa = PBXBuildFile; fileRef = 324795AE1F1ECE7800E77829 /* plant.png */; };
		324795C41F1ECE7800E77829 /* plant@2x.png in Resources */ = {isa = PBXBuildFile; fileRef = 324795AF1F1ECE7800E77829 /* plant@2x.png */; };
		324795C51F1ECE7800E77829 /* plant@3x.png in Resources */ = {isa = PBXBuildFile; fileRef = 324795B01F1ECE7800E77829 /* plant@3x.png */; };
		324795C61F1ECE7800E77829 /* reptile.png in Resources */ = {isa = PBXBuildFile; fileRef = 324795B11F1ECE7800E77829 /* reptile.png */; };
		324795C71F1ECE7800E77829 /* reptile@2x.png in Resources */ = {isa = PBXBuildFile; fileRef = 324795B21F1ECE7800E77829 /* reptile@2x.png */; };
		324795C81F1ECE7800E77829 /* reptile@3x.png in Resources */ = {isa = PBXBuildFile; fileRef = 324795B31F1ECE7800E77829 /* reptile@3x.png */; };
		324795ED1F1ECFA000E77829 /* FieldEventsJSONParser.swift in Sources */ = {isa = PBXBuildFile; fileRef = 324795E91F1ECFA000E77829 /* FieldEventsJSONParser.swift */; };
		324795EE1F1ECFA000E77829 /* FieldEventsJSONLoader.swift in Sources */ = {isa = PBXBuildFile; fileRef = 324795EA1F1ECFA000E77829 /* FieldEventsJSONLoader.swift */; };
		324795EF1F1ECFA000E77829 /* FieldEvent.swift in Sources */ = {isa = PBXBuildFile; fileRef = 324795EB1F1ECFA000E77829 /* FieldEvent.swift */; };
		324795F01F1ECFA000E77829 /* Field.swift in Sources */ = {isa = PBXBuildFile; fileRef = 324795EC1F1ECFA000E77829 /* Field.swift */; };
		324795F31F1ED3BA00E77829 /* FieldTableViewCell.swift in Sources */ = {isa = PBXBuildFile; fileRef = 324795F21F1ED3BA00E77829 /* FieldTableViewCell.swift */; };
		32EC73291F1EC0990036E7B2 /* AppDelegate.swift in Sources */ = {isa = PBXBuildFile; fileRef = 32EC73281F1EC0990036E7B2 /* AppDelegate.swift */; };
		32EC732E1F1EC09A0036E7B2 /* Main.storyboard in Resources */ = {isa = PBXBuildFile; fileRef = 32EC732C1F1EC09A0036E7B2 /* Main.storyboard */; };
		32EC73301F1EC09A0036E7B2 /* Assets.xcassets in Resources */ = {isa = PBXBuildFile; fileRef = 32EC732F1F1EC09A0036E7B2 /* Assets.xcassets */; };
		32EC73331F1EC09A0036E7B2 /* LaunchScreen.storyboard in Resources */ = {isa = PBXBuildFile; fileRef = 32EC73311F1EC09A0036E7B2 /* LaunchScreen.storyboard */; };
		32EC733B1F1ECCF40036E7B2 /* FieldTableViewController.swift in Sources */ = {isa = PBXBuildFile; fileRef = 32EC733A1F1ECCF40036E7B2 /* FieldTableViewController.swift */; };
		32EC733D1F1ECD190036E7B2 /* DetailViewController.swift in Sources */ = {isa = PBXBuildFile; fileRef = 32EC733C1F1ECD190036E7B2 /* DetailViewController.swift */; };
/* End PBXBuildFile section */

/* Begin PBXFileReference section */
		3247959C1F1ECE7000E77829 /* field_observations.json */ = {isa = PBXFileReference; fileEncoding = 4; lastKnownFileType = text.json; path = field_observations.json; sourceTree = "<group>"; };
		3247959F1F1ECE7800E77829 /* amphibian.png */ = {isa = PBXFileReference; lastKnownFileType = image.png; path = amphibian.png; sourceTree = "<group>"; };
		324795A01F1ECE7800E77829 /* amphibian@2x.png */ = {isa = PBXFileReference; lastKnownFileType = image.png; path = "amphibian@2x.png"; sourceTree = "<group>"; };
		324795A11F1ECE7800E77829 /* amphibian@3x.png */ = {isa = PBXFileReference; lastKnownFileType = image.png; path = "amphibian@3x.png"; sourceTree = "<group>"; };
		324795A21F1ECE7800E77829 /* bird.png */ = {isa = PBXFileReference; lastKnownFileType = image.png; path = bird.png; sourceTree = "<group>"; };
		324795A31F1ECE7800E77829 /* bird@2x.png */ = {isa = PBXFileReference; lastKnownFileType = image.png; path = "bird@2x.png"; sourceTree = "<group>"; };
		324795A41F1ECE7800E77829 /* bird@3x.png */ = {isa = PBXFileReference; lastKnownFileType = image.png; path = "bird@3x.png"; sourceTree = "<group>"; };
		324795A51F1ECE7800E77829 /* fish.png */ = {isa = PBXFileReference; lastKnownFileType = image.png; path = fish.png; sourceTree = "<group>"; };
		324795A61F1ECE7800E77829 /* fish@2x.png */ = {isa = PBXFileReference; lastKnownFileType = image.png; path = "fish@2x.png"; sourceTree = "<group>"; };
		324795A71F1ECE7800E77829 /* fish@3x.png */ = {isa = PBXFileReference; lastKnownFileType = image.png; path = "fish@3x.png"; sourceTree = "<group>"; };
		324795A81F1ECE7800E77829 /* insect.png */ = {isa = PBXFileReference; lastKnownFileType = image.png; path = insect.png; sourceTree = "<group>"; };
		324795A91F1ECE7800E77829 /* insect@2x.png */ = {isa = PBXFileReference; lastKnownFileType = image.png; path = "insect@2x.png"; sourceTree = "<group>"; };
		324795AA1F1ECE7800E77829 /* insect@3x.png */ = {isa = PBXFileReference; lastKnownFileType = image.png; path = "insect@3x.png"; sourceTree = "<group>"; };
		324795AB1F1ECE7800E77829 /* mammal.png */ = {isa = PBXFileReference; lastKnownFileType = image.png; path = mammal.png; sourceTree = "<group>"; };
		324795AC1F1ECE7800E77829 /* mammal@2x.png */ = {isa = PBXFileReference; lastKnownFileType = image.png; path = "mammal@2x.png"; sourceTree = "<group>"; };
		324795AD1F1ECE7800E77829 /* mammal@3x.png */ = {isa = PBXFileReference; lastKnownFileType = image.png; path = "mammal@3x.png"; sourceTree = "<group>"; };
		324795AE1F1ECE7800E77829 /* plant.png */ = {isa = PBXFileReference; lastKnownFileType = image.png; path = plant.png; sourceTree = "<group>"; };
		324795AF1F1ECE7800E77829 /* plant@2x.png */ = {isa = PBXFileReference; lastKnownFileType = image.png; path = "plant@2x.png"; sourceTree = "<group>"; };
		324795B01F1ECE7800E77829 /* plant@3x.png */ = {isa = PBXFileReference; lastKnownFileType = image.png; path = "plant@3x.png"; sourceTree = "<group>"; };
		324795B11F1ECE7800E77829 /* reptile.png */ = {isa = PBXFileReference; lastKnownFileType = image.png; path = reptile.png; sourceTree = "<group>"; };
		324795B21F1ECE7800E77829 /* reptile@2x.png */ = {isa = PBXFileReference; lastKnownFileType = image.png; path = "reptile@2x.png"; sourceTree = "<group>"; };
		324795B31F1ECE7800E77829 /* reptile@3x.png */ = {isa = PBXFileReference; lastKnownFileType = image.png; path = "reptile@3x.png"; sourceTree = "<group>"; };
		324795E91F1ECFA000E77829 /* FieldEventsJSONParser.swift */ = {isa = PBXFileReference; fileEncoding = 4; lastKnownFileType = sourcecode.swift; path = FieldEventsJSONParser.swift; sourceTree = "<group>"; };
		324795EA1F1ECFA000E77829 /* FieldEventsJSONLoader.swift */ = {isa = PBXFileReference; fileEncoding = 4; lastKnownFileType = sourcecode.swift; path = FieldEventsJSONLoader.swift; sourceTree = "<group>"; };
		324795EB1F1ECFA000E77829 /* FieldEvent.swift */ = {isa = PBXFileReference; fileEncoding = 4; lastKnownFileType = sourcecode.swift; path = FieldEvent.swift; sourceTree = "<group>"; };
		324795EC1F1ECFA000E77829 /* Field.swift */ = {isa = PBXFileReference; fileEncoding = 4; lastKnownFileType = sourcecode.swift; path = Field.swift; sourceTree = "<group>"; };
		324795F21F1ED3BA00E77829 /* FieldTableViewCell.swift */ = {isa = PBXFileReference; fileEncoding = 4; lastKnownFileType = sourcecode.swift; path = FieldTableViewCell.swift; sourceTree = "<group>"; };
		32EC73251F1EC0990036E7B2 /* Field Survey.app */ = {isa = PBXFileReference; explicitFileType = wrapper.application; includeInIndex = 0; path = "Field Survey.app"; sourceTree = BUILT_PRODUCTS_DIR; };
		32EC73281F1EC0990036E7B2 /* AppDelegate.swift */ = {isa = PBXFileReference; lastKnownFileType = sourcecode.swift; path = AppDelegate.swift; sourceTree = "<group>"; };
		32EC732D1F1EC09A0036E7B2 /* Base */ = {isa = PBXFileReference; lastKnownFileType = file.storyboard; name = Base; path = Base.lproj/Main.storyboard; sourceTree = "<group>"; };
		32EC732F1F1EC09A0036E7B2 /* Assets.xcassets */ = {isa = PBXFileReference; lastKnownFileType = folder.assetcatalog; path = Assets.xcassets; sourceTree = "<group>"; };
		32EC73321F1EC09A0036E7B2 /* Base */ = {isa = PBXFileReference; lastKnownFileType = file.storyboard; name = Base; path = Base.lproj/LaunchScreen.storyboard; sourceTree = "<group>"; };
		32EC73341F1EC09A0036E7B2 /* Info.plist */ = {isa = PBXFileReference; lastKnownFileType = text.plist.xml; path = Info.plist; sourceTree = "<group>"; };
		32EC733A1F1ECCF40036E7B2 /* FieldTableViewController.swift */ = {isa = PBXFileReference; fileEncoding = 4; lastKnownFileType = sourcecode.swift; name = FieldTableViewController.swift; path = ../FieldTableViewController.swift; sourceTree = "<group>"; };
		32EC733C1F1ECD190036E7B2 /* DetailViewController.swift */ = {isa = PBXFileReference; fileEncoding = 4; lastKnownFileType = sourcecode.swift; path = DetailViewController.swift; sourceTree = "<group>"; };
/* End PBXFileReference section */

/* Begin PBXFrameworksBuildPhase section */
		32EC73221F1EC0990036E7B2 /* Frameworks */ = {
			isa = PBXFrameworksBuildPhase;
			buildActionMask = 2147483647;
			files = (
			);
			runOnlyForDeploymentPostprocessing = 0;
		};
/* End PBXFrameworksBuildPhase section */

/* Begin PBXGroup section */
		3247959E1F1ECE7800E77829 /* classification_icons */ = {
			isa = PBXGroup;
			children = (
				3247959F1F1ECE7800E77829 /* amphibian.png */,
				324795A01F1ECE7800E77829 /* amphibian@2x.png */,
				324795A11F1ECE7800E77829 /* amphibian@3x.png */,
				324795A21F1ECE7800E77829 /* bird.png */,
				324795A31F1ECE7800E77829 /* bird@2x.png */,
				324795A41F1ECE7800E77829 /* bird@3x.png */,
				324795A51F1ECE7800E77829 /* fish.png */,
				324795A61F1ECE7800E77829 /* fish@2x.png */,
				324795A71F1ECE7800E77829 /* fish@3x.png */,
				324795A81F1ECE7800E77829 /* insect.png */,
				324795A91F1ECE7800E77829 /* insect@2x.png */,
				324795AA1F1ECE7800E77829 /* insect@3x.png */,
				324795AB1F1ECE7800E77829 /* mammal.png */,
				324795AC1F1ECE7800E77829 /* mammal@2x.png */,
				324795AD1F1ECE7800E77829 /* mammal@3x.png */,
				324795AE1F1ECE7800E77829 /* plant.png */,
				324795AF1F1ECE7800E77829 /* plant@2x.png */,
				324795B01F1ECE7800E77829 /* plant@3x.png */,
				324795B11F1ECE7800E77829 /* reptile.png */,
				324795B21F1ECE7800E77829 /* reptile@2x.png */,
				324795B31F1ECE7800E77829 /* reptile@3x.png */,
			);
			path = classification_icons;
			sourceTree = "<group>";
		};
		324795F11F1ECFC500E77829 /* Model */ = {
			isa = PBXGroup;
			children = (
				3247959C1F1ECE7000E77829 /* field_observations.json */,
				324795EA1F1ECFA000E77829 /* FieldEventsJSONLoader.swift */,
				324795EB1F1ECFA000E77829 /* FieldEvent.swift */,
				324795EC1F1ECFA000E77829 /* Field.swift */,
				324795E91F1ECFA000E77829 /* FieldEventsJSONParser.swift */,
			);
			name = Model;
			sourceTree = "<group>";
		};
		32EC731C1F1EC0990036E7B2 = {
			isa = PBXGroup;
			children = (
				32EC73271F1EC0990036E7B2 /* Field Survey */,
				32EC73261F1EC0990036E7B2 /* Products */,
			);
			sourceTree = "<group>";
		};
		32EC73261F1EC0990036E7B2 /* Products */ = {
			isa = PBXGroup;
			children = (
				32EC73251F1EC0990036E7B2 /* Field Survey.app */,
			);
			name = Products;
			sourceTree = "<group>";
		};
		32EC73271F1EC0990036E7B2 /* Field Survey */ = {
			isa = PBXGroup;
			children = (
				324795F11F1ECFC500E77829 /* Model */,
				32EC73281F1EC0990036E7B2 /* AppDelegate.swift */,
				32EC732C1F1EC09A0036E7B2 /* Main.storyboard */,
				32EC732F1F1EC09A0036E7B2 /* Assets.xcassets */,
				32EC73311F1EC09A0036E7B2 /* LaunchScreen.storyboard */,
				32EC73341F1EC09A0036E7B2 /* Info.plist */,
				32EC733A1F1ECCF40036E7B2 /* FieldTableViewController.swift */,
				324795F21F1ED3BA00E77829 /* FieldTableViewCell.swift */,
				32EC733C1F1ECD190036E7B2 /* DetailViewController.swift */,
				3247959E1F1ECE7800E77829 /* classification_icons */,
			);
			path = "Field Survey";
			sourceTree = "<group>";
		};
/* End PBXGroup section */

/* Begin PBXNativeTarget section */
		32EC73241F1EC0990036E7B2 /* Field Survey */ = {
			isa = PBXNativeTarget;
			buildConfigurationList = 32EC73371F1EC09A0036E7B2 /* Build configuration list for PBXNativeTarget "Field Survey" */;
			buildPhases = (
				32EC73211F1EC0990036E7B2 /* Sources */,
				32EC73221F1EC0990036E7B2 /* Frameworks */,
				32EC73231F1EC0990036E7B2 /* Resources */,
			);
			buildRules = (
			);
			dependencies = (
			);
			name = "Field Survey";
			productName = "Field Survey";
			productReference = 32EC73251F1EC0990036E7B2 /* Field Survey.app */;
			productType = "com.apple.product-type.application";
		};
/* End PBXNativeTarget section */

/* Begin PBXProject section */
		32EC731D1F1EC0990036E7B2 /* Project object */ = {
			isa = PBXProject;
			attributes = {
				LastSwiftUpdateCheck = 0830;
				LastUpgradeCheck = 0830;
				ORGANIZATIONNAME = "Bruce Thomson";
				TargetAttributes = {
					32EC73241F1EC0990036E7B2 = {
						CreatedOnToolsVersion = 8.3.2;
						ProvisioningStyle = Automatic;
					};
				};
			};
			buildConfigurationList = 32EC73201F1EC0990036E7B2 /* Build configuration list for PBXProject "Field Survey" */;
			compatibilityVersion = "Xcode 3.2";
			developmentRegion = English;
			hasScannedForEncodings = 0;
			knownRegions = (
				en,
				Base,
			);
			mainGroup = 32EC731C1F1EC0990036E7B2;
			productRefGroup = 32EC73261F1EC0990036E7B2 /* Products */;
			projectDirPath = "";
			projectRoot = "";
			targets = (
				32EC73241F1EC0990036E7B2 /* Field Survey */,
			);
		};
/* End PBXProject section */

/* Begin PBXResourcesBuildPhase section */
		32EC73231F1EC0990036E7B2 /* Resources */ = {
			isa = PBXResourcesBuildPhase;
			buildActionMask = 2147483647;
			files = (
				324795C71F1ECE7800E77829 /* reptile@2x.png in Resources */,
				324795B61F1ECE7800E77829 /* amphibian@3x.png in Resources */,
				324795C01F1ECE7800E77829 /* mammal.png in Resources */,
				324795BF1F1ECE7800E77829 /* insect@3x.png in Resources */,
				324795B81F1ECE7800E77829 /* bird@2x.png in Resources */,
				324795C81F1ECE7800E77829 /* reptile@3x.png in Resources */,
				324795BB1F1ECE7800E77829 /* fish@2x.png in Resources */,
				324795B51F1ECE7800E77829 /* amphibian@2x.png in Resources */,
				324795B41F1ECE7800E77829 /* amphibian.png in Resources */,
				324795C31F1ECE7800E77829 /* plant.png in Resources */,
				324795C61F1ECE7800E77829 /* reptile.png in Resources */,
				324795C21F1ECE7800E77829 /* mammal@3x.png in Resources */,
				324795B91F1ECE7800E77829 /* bird@3x.png in Resources */,
				32EC73331F1EC09A0036E7B2 /* LaunchScreen.storyboard in Resources */,
				324795B71F1ECE7800E77829 /* bird.png in Resources */,
				324795BC1F1ECE7800E77829 /* fish@3x.png in Resources */,
				324795C11F1ECE7800E77829 /* mammal@2x.png in Resources */,
				3247959D1F1ECE7000E77829 /* field_observations.json in Resources */,
				324795BE1F1ECE7800E77829 /* insect@2x.png in Resources */,
				324795C41F1ECE7800E77829 /* plant@2x.png in Resources */,
				32EC73301F1EC09A0036E7B2 /* Assets.xcassets in Resources */,
				324795BD1F1ECE7800E77829 /* insect.png in Resources */,
				324795BA1F1ECE7800E77829 /* fish.png in Resources */,
				32EC732E1F1EC09A0036E7B2 /* Main.storyboard in Resources */,
				324795C51F1ECE7800E77829 /* plant@3x.png in Resources */,
			);
			runOnlyForDeploymentPostprocessing = 0;
		};
/* End PBXResourcesBuildPhase section */

/* Begin PBXSourcesBuildPhase section */
		32EC73211F1EC0990036E7B2 /* Sources */ = {
			isa = PBXSourcesBuildPhase;
			buildActionMask = 2147483647;
			files = (
				324795F01F1ECFA000E77829 /* Field.swift in Sources */,
				32EC733D1F1ECD190036E7B2 /* DetailViewController.swift in Sources */,
				324795F31F1ED3BA00E77829 /* FieldTableViewCell.swift in Sources */,
				32EC733B1F1ECCF40036E7B2 /* FieldTableViewController.swift in Sources */,
				32EC73291F1EC0990036E7B2 /* AppDelegate.swift in Sources */,
				324795ED1F1ECFA000E77829 /* FieldEventsJSONParser.swift in Sources */,
				324795EF1F1ECFA000E77829 /* FieldEvent.swift in Sources */,
				324795EE1F1ECFA000E77829 /* FieldEventsJSONLoader.swift in Sources */,
			);
			runOnlyForDeploymentPostprocessing = 0;
		};
/* End PBXSourcesBuildPhase section */

/* Begin PBXVariantGroup section */
		32EC732C1F1EC09A0036E7B2 /* Main.storyboard */ = {
			isa = PBXVariantGroup;
			children = (
				32EC732D1F1EC09A0036E7B2 /* Base */,
			);
			name = Main.storyboard;
			sourceTree = "<group>";
		};
		32EC73311F1EC09A0036E7B2 /* LaunchScreen.storyboard */ = {
			isa = PBXVariantGroup;
			children = (
				32EC73321F1EC09A0036E7B2 /* Base */,
			);
			name = LaunchScreen.storyboard;
			sourceTree = "<group>";
		};
/* End PBXVariantGroup section */

/* Begin XCBuildConfiguration section */
		32EC73351F1EC09A0036E7B2 /* Debug */ = {
			isa = XCBuildConfiguration;
			buildSettings = {
				ALWAYS_SEARCH_USER_PATHS = NO;
				CLANG_ANALYZER_NONNULL = YES;
				CLANG_ANALYZER_NUMBER_OBJECT_CONVERSION = YES_AGGRESSIVE;
				CLANG_CXX_LANGUAGE_STANDARD = "gnu++0x";
				CLANG_CXX_LIBRARY = "libc++";
				CLANG_ENABLE_MODULES = YES;
				CLANG_ENABLE_OBJC_ARC = YES;
				CLANG_WARN_BOOL_CONVERSION = YES;
				CLANG_WARN_CONSTANT_CONVERSION = YES;
				CLANG_WARN_DIRECT_OBJC_ISA_USAGE = YES_ERROR;
				CLANG_WARN_DOCUMENTATION_COMMENTS = YES;
				CLANG_WARN_EMPTY_BODY = YES;
				CLANG_WARN_ENUM_CONVERSION = YES;
				CLANG_WARN_INFINITE_RECURSION = YES;
				CLANG_WARN_INT_CONVERSION = YES;
				CLANG_WARN_OBJC_ROOT_CLASS = YES_ERROR;
				CLANG_WARN_SUSPICIOUS_MOVE = YES;
				CLANG_WARN_UNREACHABLE_CODE = YES;
				CLANG_WARN__DUPLICATE_METHOD_MATCH = YES;
				"CODE_SIGN_IDENTITY[sdk=iphoneos*]" = "iPhone Developer";
				COPY_PHASE_STRIP = NO;
				DEBUG_INFORMATION_FORMAT = dwarf;
				ENABLE_STRICT_OBJC_MSGSEND = YES;
				ENABLE_TESTABILITY = YES;
				GCC_C_LANGUAGE_STANDARD = gnu99;
				GCC_DYNAMIC_NO_PIC = NO;
				GCC_NO_COMMON_BLOCKS = YES;
				GCC_OPTIMIZATION_LEVEL = 0;
				GCC_PREPROCESSOR_DEFINITIONS = (
					"DEBUG=1",
					"$(inherited)",
				);
				GCC_WARN_64_TO_32_BIT_CONVERSION = YES;
				GCC_WARN_ABOUT_RETURN_TYPE = YES_ERROR;
				GCC_WARN_UNDECLARED_SELECTOR = YES;
				GCC_WARN_UNINITIALIZED_AUTOS = YES_AGGRESSIVE;
				GCC_WARN_UNUSED_FUNCTION = YES;
				GCC_WARN_UNUSED_VARIABLE = YES;
				IPHONEOS_DEPLOYMENT_TARGET = 10.3;
				MTL_ENABLE_DEBUG_INFO = YES;
				ONLY_ACTIVE_ARCH = YES;
				SDKROOT = iphoneos;
				SWIFT_ACTIVE_COMPILATION_CONDITIONS = DEBUG;
				SWIFT_OPTIMIZATION_LEVEL = "-Onone";
				TARGETED_DEVICE_FAMILY = "1,2";
			};
			name = Debug;
		};
		32EC73361F1EC09A0036E7B2 /* Release */ = {
			isa = XCBuildConfiguration;
			buildSettings = {
				ALWAYS_SEARCH_USER_PATHS = NO;
				CLANG_ANALYZER_NONNULL = YES;
				CLANG_ANALYZER_NUMBER_OBJECT_CONVERSION = YES_AGGRESSIVE;
				CLANG_CXX_LANGUAGE_STANDARD = "gnu++0x";
				CLANG_CXX_LIBRARY = "libc++";
				CLANG_ENABLE_MODULES = YES;
				CLANG_ENABLE_OBJC_ARC = YES;
				CLANG_WARN_BOOL_CONVERSION = YES;
				CLANG_WARN_CONSTANT_CONVERSION = YES;
				CLANG_WARN_DIRECT_OBJC_ISA_USAGE = YES_ERROR;
				CLANG_WARN_DOCUMENTATION_COMMENTS = YES;
				CLANG_WARN_EMPTY_BODY = YES;
				CLANG_WARN_ENUM_CONVERSION = YES;
				CLANG_WARN_INFINITE_RECURSION = YES;
				CLANG_WARN_INT_CONVERSION = YES;
				CLANG_WARN_OBJC_ROOT_CLASS = YES_ERROR;
				CLANG_WARN_SUSPICIOUS_MOVE = YES;
				CLANG_WARN_UNREACHABLE_CODE = YES;
				CLANG_WARN__DUPLICATE_METHOD_MATCH = YES;
				"CODE_SIGN_IDENTITY[sdk=iphoneos*]" = "iPhone Developer";
				COPY_PHASE_STRIP = NO;
				DEBUG_INFORMATION_FORMAT = "dwarf-with-dsym";
				ENABLE_NS_ASSERTIONS = NO;
				ENABLE_STRICT_OBJC_MSGSEND = YES;
				GCC_C_LANGUAGE_STANDARD = gnu99;
				GCC_NO_COMMON_BLOCKS = YES;
				GCC_WARN_64_TO_32_BIT_CONVERSION = YES;
				GCC_WARN_ABOUT_RETURN_TYPE = YES_ERROR;
				GCC_WARN_UNDECLARED_SELECTOR = YES;
				GCC_WARN_UNINITIALIZED_AUTOS = YES_AGGRESSIVE;
				GCC_WARN_UNUSED_FUNCTION = YES;
				GCC_WARN_UNUSED_VARIABLE = YES;
				IPHONEOS_DEPLOYMENT_TARGET = 10.3;
				MTL_ENABLE_DEBUG_INFO = NO;
				SDKROOT = iphoneos;
				SWIFT_OPTIMIZATION_LEVEL = "-Owholemodule";
				TARGETED_DEVICE_FAMILY = "1,2";
				VALIDATE_PRODUCT = YES;
			};
			name = Release;
		};
		32EC73381F1EC09A0036E7B2 /* Debug */ = {
			isa = XCBuildConfiguration;
			buildSettings = {
				ASSETCATALOG_COMPILER_APPICON_NAME = AppIcon;
				INFOPLIST_FILE = "Field Survey/Info.plist";
				LD_RUNPATH_SEARCH_PATHS = "$(inherited) @executable_path/Frameworks";
				PRODUCT_BUNDLE_IDENTIFIER = "com.brucewthomson.Field-Survey";
				PRODUCT_NAME = "$(TARGET_NAME)";
				SWIFT_VERSION = 3.0;
			};
			name = Debug;
		};
		32EC73391F1EC09A0036E7B2 /* Release */ = {
			isa = XCBuildConfiguration;
			buildSettings = {
				ASSETCATALOG_COMPILER_APPICON_NAME = AppIcon;
				INFOPLIST_FILE = "Field Survey/Info.plist";
				LD_RUNPATH_SEARCH_PATHS = "$(inherited) @executable_path/Frameworks";
				PRODUCT_BUNDLE_IDENTIFIER = "com.brucewthomson.Field-Survey";
				PRODUCT_NAME = "$(TARGET_NAME)";
				SWIFT_VERSION = 3.0;
			};
			name = Release;
		};
/* End XCBuildConfiguration section */

/* Begin XCConfigurationList section */
		32EC73201F1EC0990036E7B2 /* Build configuration list for PBXProject "Field Survey" */ = {
			isa = XCConfigurationList;
			buildConfigurations = (
				32EC73351F1EC09A0036E7B2 /* Debug */,
				32EC73361F1EC09A0036E7B2 /* Release */,
			);
			defaultConfigurationIsVisible = 0;
			defaultConfigurationName = Release;
		};
		32EC73371F1EC09A0036E7B2 /* Build configuration list for PBXNativeTarget "Field Survey" */ = {
			isa = XCConfigurationList;
			buildConfigurations = (
				32EC73381F1EC09A0036E7B2 /* Debug */,
				32EC73391F1EC09A0036E7B2 /* Release */,
			);
			defaultConfigurationIsVisible = 0;
			defaultConfigurationName = Release;
		};
/* End XCConfigurationList section */
	};
	rootObject = 32EC731D1F1EC0990036E7B2 /* Project object */;
}
